
Microsoft Visual Studio Solution File, Format Version 12.00
# Visual Studio Version 17
VisualStudioVersion = 17.11.35222.181
MinimumVisualStudioVersion = 10.0.40219.1
Project("{FAE04EC0-301F-11D3-BF4B-00C04F79EFBC}") = "KeszthelySprint", "KeszthelySprint\KeszthelySprint.csproj", "{AA4D5740-5CED-4AC6-A081-454DE5ED1427}"
EndProject
Global
	GlobalSection(SolutionConfigurationPlatforms) = preSolution
		Debug|Any CPU = Debug|Any CPU
		Release|Any CPU = Release|Any CPU
	EndGlobalSection
	GlobalSection(ProjectConfigurationPlatforms) = postSolution
		{AA4D5740-5CED-4AC6-A081-454DE5ED1427}.Debug|Any CPU.ActiveCfg = Debug|Any CPU
		{AA4D5740-5CED-4AC6-A081-454DE5ED1427}.Debug|Any CPU.Build.0 = Debug|Any CPU
		{AA4D5740-5CED-4AC6-A081-454DE5ED1427}.Release|Any CPU.ActiveCfg = Release|Any CPU
		{AA4D5740-5CED-4AC6-A081-454DE5ED1427}.Release|Any CPU.Build.0 = Release|Any CPU
	EndGlobalSection
	GlobalSection(SolutionProperties) = preSolution
		HideSolutionNode = FALSE
	EndGlobalSection
	GlobalSection(ExtensibilityGlobals) = postSolution
		SolutionGuid = {78992BB0-5CB5-44FD-B0A4-5CA3120494E9}
	EndGlobalSection
EndGlobal
